
Microsoft Visual Studio Solution File, Format Version 12.00
# Visual Studio 15
VisualStudioVersion = 15.0.27004.2002
MinimumVisualStudioVersion = 15.0.26430.12
Project("{9A19103F-16F7-4668-BE54-9A1E7A4F7556}") = "NServiceBus.Ninject", "NServiceBus.Ninject\NServiceBus.Ninject.csproj", "{C35AE1C7-C785-4629-A73D-977E0325D8B0}"
EndProject
Project("{9A19103F-16F7-4668-BE54-9A1E7A4F7556}") = "NServiceBus.Ninject.AcceptanceTests", "NServiceBus.Ninject.AcceptanceTests\NServiceBus.Ninject.AcceptanceTests.csproj", "{F4A36825-25A7-4855-9C1A-2FFBB68E187A}"
EndProject
Project("{9A19103F-16F7-4668-BE54-9A1E7A4F7556}") = "NServiceBus.Ninject.Tests", "NServiceBus.Ninject.Tests\NServiceBus.Ninject.Tests.csproj", "{CBEEDE0C-A677-4BFD-8535-F798E016B547}"
EndProject
Project("{2150E333-8FDC-42A3-9474-1A3956D46DE8}") = "Solution Items", "Solution Items", "{D05BAA2D-9E6B-4ABD-B994-D5BB061D567A}"
	ProjectSection(SolutionItems) = preProject
		Directory.Build.props = Directory.Build.props
		..\GitVersion.yml = ..\GitVersion.yml
	EndProjectSection
EndProject
Global
	GlobalSection(SolutionConfigurationPlatforms) = preSolution
		Debug|Any CPU = Debug|Any CPU
		Release|Any CPU = Release|Any CPU
	EndGlobalSection
	GlobalSection(ProjectConfigurationPlatforms) = postSolution
		{C35AE1C7-C785-4629-A73D-977E0325D8B0}.Debug|Any CPU.ActiveCfg = Debug|Any CPU
		{C35AE1C7-C785-4629-A73D-977E0325D8B0}.Debug|Any CPU.Build.0 = Debug|Any CPU
		{C35AE1C7-C785-4629-A73D-977E0325D8B0}.Release|Any CPU.ActiveCfg = Release|Any CPU
		{C35AE1C7-C785-4629-A73D-977E0325D8B0}.Release|Any CPU.Build.0 = Release|Any CPU
		{F4A36825-25A7-4855-9C1A-2FFBB68E187A}.Debug|Any CPU.ActiveCfg = Debug|Any CPU
		{F4A36825-25A7-4855-9C1A-2FFBB68E187A}.Debug|Any CPU.Build.0 = Debug|Any CPU
		{F4A36825-25A7-4855-9C1A-2FFBB68E187A}.Release|Any CPU.ActiveCfg = Release|Any CPU
		{F4A36825-25A7-4855-9C1A-2FFBB68E187A}.Release|Any CPU.Build.0 = Release|Any CPU
		{CBEEDE0C-A677-4BFD-8535-F798E016B547}.Debug|Any CPU.ActiveCfg = Debug|Any CPU
		{CBEEDE0C-A677-4BFD-8535-F798E016B547}.Debug|Any CPU.Build.0 = Debug|Any CPU
		{CBEEDE0C-A677-4BFD-8535-F798E016B547}.Release|Any CPU.ActiveCfg = Release|Any CPU
		{CBEEDE0C-A677-4BFD-8535-F798E016B547}.Release|Any CPU.Build.0 = Release|Any CPU
	EndGlobalSection
	GlobalSection(SolutionProperties) = preSolution
		HideSolutionNode = FALSE
	EndGlobalSection
	GlobalSection(ExtensibilityGlobals) = postSolution
		SolutionGuid = {27CCCE15-64A7-4D52-8FB4-B622D288F6C2}
	EndGlobalSection
EndGlobal
